
Microsoft Visual Studio Solution File, Format Version 12.00
# Visual Studio 2013
VisualStudioVersion = 12.0.30501.0
MinimumVisualStudioVersion = 10.0.40219.1
Project("{FAE04EC0-301F-11D3-BF4B-00C04F79EFBC}") = "Grant", "Grant\Grant.csproj", "{A95B9449-0690-4F32-911C-100D1293EDAC}"
EndProject
Global
	GlobalSection(SolutionConfigurationPlatforms) = preSolution
		Debug|Any CPU = Debug|Any CPU
		Release|Any CPU = Release|Any CPU
	EndGlobalSection
	GlobalSection(ProjectConfigurationPlatforms) = postSolution
		{A95B9449-0690-4F32-911C-100D1293EDAC}.Debug|Any CPU.ActiveCfg = Debug|Any CPU
		{A95B9449-0690-4F32-911C-100D1293EDAC}.Debug|Any CPU.Build.0 = Debug|Any CPU
		{A95B9449-0690-4F32-911C-100D1293EDAC}.Release|Any CPU.ActiveCfg = Release|Any CPU
		{A95B9449-0690-4F32-911C-100D1293EDAC}.Release|Any CPU.Build.0 = Release|Any CPU
	EndGlobalSection
	GlobalSection(SolutionProperties) = preSolution
		HideSolutionNode = FALSE
	EndGlobalSection
EndGlobal
